
Microsoft Visual Studio Solution File, Format Version 12.00
# Visual Studio Version 17
VisualStudioVersion = 17.3.32825.248
MinimumVisualStudioVersion = 10.0.40219.1
Project("{FAE04EC0-301F-11D3-BF4B-00C04F79EFBC}") = "api-authentication-boberto", "api-authentication-boberto.csproj", "{EAFBB125-2F6C-4341-84D9-6FEE1EDFB4BB}"
EndProject
Project("{E53339B2-1760-4266-BCC7-CA923CBCF16C}") = "docker-compose", "docker-compose.dcproj", "{087C47DF-B7E0-4ACC-AF19-66EFF330B64A}"
EndProject
Global
	GlobalSection(SolutionConfigurationPlatforms) = preSolution
		Debug|Any CPU = Debug|Any CPU
		Release|Any CPU = Release|Any CPU
	EndGlobalSection
	GlobalSection(ProjectConfigurationPlatforms) = postSolution
		{EAFBB125-2F6C-4341-84D9-6FEE1EDFB4BB}.Debug|Any CPU.ActiveCfg = Debug|Any CPU
		{EAFBB125-2F6C-4341-84D9-6FEE1EDFB4BB}.Debug|Any CPU.Build.0 = Debug|Any CPU
		{EAFBB125-2F6C-4341-84D9-6FEE1EDFB4BB}.Release|Any CPU.ActiveCfg = Release|Any CPU
		{EAFBB125-2F6C-4341-84D9-6FEE1EDFB4BB}.Release|Any CPU.Build.0 = Release|Any CPU
		{087C47DF-B7E0-4ACC-AF19-66EFF330B64A}.Debug|Any CPU.ActiveCfg = Debug|Any CPU
		{087C47DF-B7E0-4ACC-AF19-66EFF330B64A}.Debug|Any CPU.Build.0 = Debug|Any CPU
		{087C47DF-B7E0-4ACC-AF19-66EFF330B64A}.Release|Any CPU.ActiveCfg = Release|Any CPU
		{087C47DF-B7E0-4ACC-AF19-66EFF330B64A}.Release|Any CPU.Build.0 = Release|Any CPU
	EndGlobalSection
	GlobalSection(SolutionProperties) = preSolution
		HideSolutionNode = FALSE
	EndGlobalSection
	GlobalSection(ExtensibilityGlobals) = postSolution
		SolutionGuid = {A40E1217-DAF8-4A7E-8314-890F8435F23C}
	EndGlobalSection
EndGlobal
