
Microsoft Visual Studio Solution File, Format Version 12.00
# Visual Studio Version 17
VisualStudioVersion = 17.4.33213.308
MinimumVisualStudioVersion = 10.0.40219.1
Project("{9A19103F-16F7-4668-BE54-9A1E7A4F7556}") = "API.BOBERTO.AUTHENTICATION.WEB", "API.AUTHENTICATION.BOBERTO.WEB\API.BOBERTO.AUTHENTICATION.WEB.csproj", "{9E45564C-2469-439D-8FDF-2E130BF24216}"
EndProject
Project("{9A19103F-16F7-4668-BE54-9A1E7A4F7556}") = "API.BOBERTO.AUTHENTICATION.APPLICATION", "API.BOBERTO.AUTHENTICATION.APPLICATION\API.BOBERTO.AUTHENTICATION.APPLICATION.csproj", "{2D3F9CC3-9B12-4D79-8DFC-6A1912E12A4D}"
EndProject
Project("{9A19103F-16F7-4668-BE54-9A1E7A4F7556}") = "API.BOBERTO.AUTHENTICATION.APPLICATION.MESSAGES", "API.BOBERTO.AUTHENTICATION.APPLICATION.MESSAGES\API.BOBERTO.AUTHENTICATION.APPLICATION.MESSAGES.csproj", "{752A686A-1995-4C4E-B576-45CE38674C12}"
EndProject
Project("{9A19103F-16F7-4668-BE54-9A1E7A4F7556}") = "API.BOBERTO.AUTHENTICATION.INTEGRATIONS", "API.BOBERTO.AUTHENTICATION.INTEGRATIONS\API.BOBERTO.AUTHENTICATION.INTEGRATIONS.csproj", "{8C5CBE13-2D96-475F-B73E-0B797D625924}"
EndProject
Project("{FAE04EC0-301F-11D3-BF4B-00C04F79EFBC}") = "API.BOBERTO.AUTHENTICATION.DOMAIN", "API.BOBERTO.AUTHENTICATION.DOMAIN\API.BOBERTO.AUTHENTICATION.DOMAIN.csproj", "{80A724E9-3C63-44E4-863C-6EA3BD73D8C6}"
EndProject
Project("{E53339B2-1760-4266-BCC7-CA923CBCF16C}") = "docker-compose", "docker-compose.dcproj", "{F8EEB7EF-6302-42D4-AB30-9E1092E4482E}"
EndProject
Global
	GlobalSection(SolutionConfigurationPlatforms) = preSolution
		Debug|Any CPU = Debug|Any CPU
		Release|Any CPU = Release|Any CPU
	EndGlobalSection
	GlobalSection(ProjectConfigurationPlatforms) = postSolution
		{9E45564C-2469-439D-8FDF-2E130BF24216}.Debug|Any CPU.ActiveCfg = Debug|Any CPU
		{9E45564C-2469-439D-8FDF-2E130BF24216}.Debug|Any CPU.Build.0 = Debug|Any CPU
		{9E45564C-2469-439D-8FDF-2E130BF24216}.Release|Any CPU.ActiveCfg = Release|Any CPU
		{9E45564C-2469-439D-8FDF-2E130BF24216}.Release|Any CPU.Build.0 = Release|Any CPU
		{2D3F9CC3-9B12-4D79-8DFC-6A1912E12A4D}.Debug|Any CPU.ActiveCfg = Debug|Any CPU
		{2D3F9CC3-9B12-4D79-8DFC-6A1912E12A4D}.Debug|Any CPU.Build.0 = Debug|Any CPU
		{2D3F9CC3-9B12-4D79-8DFC-6A1912E12A4D}.Release|Any CPU.ActiveCfg = Release|Any CPU
		{2D3F9CC3-9B12-4D79-8DFC-6A1912E12A4D}.Release|Any CPU.Build.0 = Release|Any CPU
		{752A686A-1995-4C4E-B576-45CE38674C12}.Debug|Any CPU.ActiveCfg = Debug|Any CPU
		{752A686A-1995-4C4E-B576-45CE38674C12}.Debug|Any CPU.Build.0 = Debug|Any CPU
		{752A686A-1995-4C4E-B576-45CE38674C12}.Release|Any CPU.ActiveCfg = Release|Any CPU
		{752A686A-1995-4C4E-B576-45CE38674C12}.Release|Any CPU.Build.0 = Release|Any CPU
		{8C5CBE13-2D96-475F-B73E-0B797D625924}.Debug|Any CPU.ActiveCfg = Debug|Any CPU
		{8C5CBE13-2D96-475F-B73E-0B797D625924}.Debug|Any CPU.Build.0 = Debug|Any CPU
		{8C5CBE13-2D96-475F-B73E-0B797D625924}.Release|Any CPU.ActiveCfg = Release|Any CPU
		{8C5CBE13-2D96-475F-B73E-0B797D625924}.Release|Any CPU.Build.0 = Release|Any CPU
		{80A724E9-3C63-44E4-863C-6EA3BD73D8C6}.Debug|Any CPU.ActiveCfg = Debug|Any CPU
		{80A724E9-3C63-44E4-863C-6EA3BD73D8C6}.Debug|Any CPU.Build.0 = Debug|Any CPU
		{80A724E9-3C63-44E4-863C-6EA3BD73D8C6}.Release|Any CPU.ActiveCfg = Release|Any CPU
		{80A724E9-3C63-44E4-863C-6EA3BD73D8C6}.Release|Any CPU.Build.0 = Release|Any CPU
		{F8EEB7EF-6302-42D4-AB30-9E1092E4482E}.Debug|Any CPU.ActiveCfg = Debug|Any CPU
		{F8EEB7EF-6302-42D4-AB30-9E1092E4482E}.Debug|Any CPU.Build.0 = Debug|Any CPU
		{F8EEB7EF-6302-42D4-AB30-9E1092E4482E}.Release|Any CPU.ActiveCfg = Release|Any CPU
		{F8EEB7EF-6302-42D4-AB30-9E1092E4482E}.Release|Any CPU.Build.0 = Release|Any CPU
	EndGlobalSection
	GlobalSection(SolutionProperties) = preSolution
		HideSolutionNode = FALSE
	EndGlobalSection
	GlobalSection(ExtensibilityGlobals) = postSolution
		SolutionGuid = {74D68F23-4304-4803-B847-66D2A7027193}
	EndGlobalSection
EndGlobal
